
Microsoft Visual Studio Solution File, Format Version 12.00
# Visual Studio Version 16
VisualStudioVersion = 16.0.31702.278
MinimumVisualStudioVersion = 10.0.40219.1
Project("{8BC9CEB8-8B4A-11D0-8D11-00A0C91BC942}") = "2019156037_최혜민", "2019156037_최혜민\2019156037_최혜민.vcxproj", "{D8A91709-484A-4BAA-B054-69BB24F45F90}"
EndProject
Global
	GlobalSection(SolutionConfigurationPlatforms) = preSolution
		Debug|ARM = Debug|ARM
		Debug|Win32 = Debug|Win32
		Debug|x64 = Debug|x64
		Debug|x86 = Debug|x86
		Release|ARM = Release|ARM
		Release|Win32 = Release|Win32
		Release|x64 = Release|x64
		Release|x86 = Release|x86
	EndGlobalSection
	GlobalSection(ProjectConfigurationPlatforms) = postSolution
		{D8A91709-484A-4BAA-B054-69BB24F45F90}.Debug|ARM.ActiveCfg = Debug|ARM
		{D8A91709-484A-4BAA-B054-69BB24F45F90}.Debug|ARM.Build.0 = Debug|ARM
		{D8A91709-484A-4BAA-B054-69BB24F45F90}.Debug|Win32.ActiveCfg = Debug|Win32
		{D8A91709-484A-4BAA-B054-69BB24F45F90}.Debug|Win32.Build.0 = Debug|Win32
		{D8A91709-484A-4BAA-B054-69BB24F45F90}.Debug|x64.ActiveCfg = Debug|x64
		{D8A91709-484A-4BAA-B054-69BB24F45F90}.Debug|x64.Build.0 = Debug|x64
		{D8A91709-484A-4BAA-B054-69BB24F45F90}.Debug|x86.ActiveCfg = Debug|Win32
		{D8A91709-484A-4BAA-B054-69BB24F45F90}.Debug|x86.Build.0 = Debug|Win32
		{D8A91709-484A-4BAA-B054-69BB24F45F90}.Release|ARM.ActiveCfg = Release|ARM
		{D8A91709-484A-4BAA-B054-69BB24F45F90}.Release|ARM.Build.0 = Release|ARM
		{D8A91709-484A-4BAA-B054-69BB24F45F90}.Release|Win32.ActiveCfg = Release|Win32
		{D8A91709-484A-4BAA-B054-69BB24F45F90}.Release|Win32.Build.0 = Release|Win32
		{D8A91709-484A-4BAA-B054-69BB24F45F90}.Release|x64.ActiveCfg = Release|x64
		{D8A91709-484A-4BAA-B054-69BB24F45F90}.Release|x64.Build.0 = Release|x64
		{D8A91709-484A-4BAA-B054-69BB24F45F90}.Release|x86.ActiveCfg = Release|Win32
		{D8A91709-484A-4BAA-B054-69BB24F45F90}.Release|x86.Build.0 = Release|Win32
	EndGlobalSection
	GlobalSection(SolutionProperties) = preSolution
		HideSolutionNode = FALSE
	EndGlobalSection
	GlobalSection(ExtensibilityGlobals) = postSolution
		SolutionGuid = {4BC035FB-677F-4E55-817B-FCC182A155EF}
	EndGlobalSection
EndGlobal
